
Microsoft Visual Studio Solution File, Format Version 12.00
# Visual Studio Version 16
VisualStudioVersion = 16.0.30907.101
MinimumVisualStudioVersion = 10.0.40219.1
Project("{FAE04EC0-301F-11D3-BF4B-00C04F79EFBC}") = "Rocky", "Rocky\Rocky.csproj", "{6809B667-46E7-4894-BEAA-2FA8B9694BDB}"
EndProject
Global
	GlobalSection(SolutionConfigurationPlatforms) = preSolution
		Debug|Any CPU = Debug|Any CPU
		Release|Any CPU = Release|Any CPU
	EndGlobalSection
	GlobalSection(ProjectConfigurationPlatforms) = postSolution
		{6809B667-46E7-4894-BEAA-2FA8B9694BDB}.Debug|Any CPU.ActiveCfg = Debug|Any CPU
		{6809B667-46E7-4894-BEAA-2FA8B9694BDB}.Debug|Any CPU.Build.0 = Debug|Any CPU
		{6809B667-46E7-4894-BEAA-2FA8B9694BDB}.Release|Any CPU.ActiveCfg = Release|Any CPU
		{6809B667-46E7-4894-BEAA-2FA8B9694BDB}.Release|Any CPU.Build.0 = Release|Any CPU
	EndGlobalSection
	GlobalSection(SolutionProperties) = preSolution
		HideSolutionNode = FALSE
	EndGlobalSection
	GlobalSection(ExtensibilityGlobals) = postSolution
		SolutionGuid = {4E132DEC-2FD8-4745-A46A-D39E1259ABE2}
	EndGlobalSection
EndGlobal
